// !$*UTF8*$!
{
	archiveVersion = 1;
	classes = {
	};
	objectVersion = 50;
	objects = {

/* Begin PBXBuildFile section */
		D2131746226E88E300FCF1EA /* DatePopupViewController.swift in Sources */ = {isa = PBXBuildFile; fileRef = D2131745226E88E300FCF1EA /* DatePopupViewController.swift */; };
		D2131748226E938700FCF1EA /* PrioritizeViewController.swift in Sources */ = {isa = PBXBuildFile; fileRef = D2131747226E938700FCF1EA /* PrioritizeViewController.swift */; };
		D213174A226EA4A900FCF1EA /* PopupDelegate.swift in Sources */ = {isa = PBXBuildFile; fileRef = D2131749226EA4A900FCF1EA /* PopupDelegate.swift */; };
		D24A5CC9227285AB009C3933 /* UIViewController+Validation.swift in Sources */ = {isa = PBXBuildFile; fileRef = D24A5CC8227285AB009C3933 /* UIViewController+Validation.swift */; };
		D283E76C22690F0D007C3FC8 /* AppDelegate.swift in Sources */ = {isa = PBXBuildFile; fileRef = D283E76B22690F0D007C3FC8 /* AppDelegate.swift */; };
		D283E76E22690F0D007C3FC8 /* ViewController.swift in Sources */ = {isa = PBXBuildFile; fileRef = D283E76D22690F0D007C3FC8 /* ViewController.swift */; };
		D283E77122690F0D007C3FC8 /* Main.storyboard in Resources */ = {isa = PBXBuildFile; fileRef = D283E76F22690F0D007C3FC8 /* Main.storyboard */; };
		D283E77322690F0F007C3FC8 /* Assets.xcassets in Resources */ = {isa = PBXBuildFile; fileRef = D283E77222690F0F007C3FC8 /* Assets.xcassets */; };
		D283E77622690F0F007C3FC8 /* LaunchScreen.storyboard in Resources */ = {isa = PBXBuildFile; fileRef = D283E77422690F0F007C3FC8 /* LaunchScreen.storyboard */; };
		D2A6605B22761C14006C9A40 /* ItemModel.swift in Sources */ = {isa = PBXBuildFile; fileRef = D2A6605A22761C14006C9A40 /* ItemModel.swift */; };
		D2A6605D22761C14006C9A40 /* ItemTabBarController.swift in Sources */ = {isa = PBXBuildFile; fileRef = D2A6605C22761C14006C9A40 /* ItemTabBarController.swift */; };
		D2BCF5912274D4FC00CF65B5 /* UIViewController+setDates.swift in Sources */ = {isa = PBXBuildFile; fileRef = D2BCF5902274D4FC00CF65B5 /* UIViewController+setDates.swift */; };
/* End PBXBuildFile section */

/* Begin PBXFileReference section */
		D2131745226E88E300FCF1EA /* DatePopupViewController.swift */ = {isa = PBXFileReference; lastKnownFileType = sourcecode.swift; path = DatePopupViewController.swift; sourceTree = "<group>"; };
		D2131747226E938700FCF1EA /* PrioritizeViewController.swift */ = {isa = PBXFileReference; lastKnownFileType = sourcecode.swift; path = PrioritizeViewController.swift; sourceTree = "<group>"; };
		D2131749226EA4A900FCF1EA /* PopupDelegate.swift */ = {isa = PBXFileReference; lastKnownFileType = sourcecode.swift; path = PopupDelegate.swift; sourceTree = "<group>"; };
		D24A5CC8227285AB009C3933 /* UIViewController+Validation.swift */ = {isa = PBXFileReference; lastKnownFileType = sourcecode.swift; path = "UIViewController+Validation.swift"; sourceTree = "<group>"; };
		D283E76822690F0D007C3FC8 /* ShouldIBuyThat.app */ = {isa = PBXFileReference; explicitFileType = wrapper.application; includeInIndex = 0; path = ShouldIBuyThat.app; sourceTree = BUILT_PRODUCTS_DIR; };
		D283E76B22690F0D007C3FC8 /* AppDelegate.swift */ = {isa = PBXFileReference; lastKnownFileType = sourcecode.swift; path = AppDelegate.swift; sourceTree = "<group>"; };
		D283E76D22690F0D007C3FC8 /* ViewController.swift */ = {isa = PBXFileReference; lastKnownFileType = sourcecode.swift; path = ViewController.swift; sourceTree = "<group>"; };
		D283E77022690F0D007C3FC8 /* Base */ = {isa = PBXFileReference; lastKnownFileType = file.storyboard; name = Base; path = Base.lproj/Main.storyboard; sourceTree = "<group>"; };
		D283E77222690F0F007C3FC8 /* Assets.xcassets */ = {isa = PBXFileReference; lastKnownFileType = folder.assetcatalog; path = Assets.xcassets; sourceTree = "<group>"; };
		D283E77522690F0F007C3FC8 /* Base */ = {isa = PBXFileReference; lastKnownFileType = file.storyboard; name = Base; path = Base.lproj/LaunchScreen.storyboard; sourceTree = "<group>"; };
		D283E77722690F0F007C3FC8 /* Info.plist */ = {isa = PBXFileReference; lastKnownFileType = text.plist.xml; path = Info.plist; sourceTree = "<group>"; };
		D2A6605A22761C14006C9A40 /* ItemModel.swift */ = {isa = PBXFileReference; lastKnownFileType = sourcecode.swift; path = ItemModel.swift; sourceTree = "<group>"; };
		D2A6605C22761C14006C9A40 /* ItemTabBarController.swift */ = {isa = PBXFileReference; lastKnownFileType = sourcecode.swift; path = ItemTabBarController.swift; sourceTree = "<group>"; };
		D2BCF5902274D4FC00CF65B5 /* UIViewController+setDates.swift */ = {isa = PBXFileReference; lastKnownFileType = sourcecode.swift; path = "UIViewController+setDates.swift"; sourceTree = "<group>"; };
/* End PBXFileReference section */

/* Begin PBXFrameworksBuildPhase section */
		D283E76522690F0D007C3FC8 /* Frameworks */ = {
			isa = PBXFrameworksBuildPhase;
			buildActionMask = 2147483647;
			files = (
			);
			runOnlyForDeploymentPostprocessing = 0;
		};
/* End PBXFrameworksBuildPhase section */

/* Begin PBXGroup section */
		D24A5CCA2272896E009C3933 /* extensions */ = {
			isa = PBXGroup;
			children = (
				D24A5CC8227285AB009C3933 /* UIViewController+Validation.swift */,
				D2BCF5902274D4FC00CF65B5 /* UIViewController+setDates.swift */,
			);
			path = extensions;
			sourceTree = "<group>";
		};
		D283E75F22690F0D007C3FC8 = {
			isa = PBXGroup;
			children = (
				D283E76A22690F0D007C3FC8 /* ShouldIBuyThat */,
				D283E76922690F0D007C3FC8 /* Products */,
			);
			sourceTree = "<group>";
		};
		D283E76922690F0D007C3FC8 /* Products */ = {
			isa = PBXGroup;
			children = (
				D283E76822690F0D007C3FC8 /* ShouldIBuyThat.app */,
			);
			name = Products;
			sourceTree = "<group>";
		};
		D283E76A22690F0D007C3FC8 /* ShouldIBuyThat */ = {
			isa = PBXGroup;
			children = (
				D283E76B22690F0D007C3FC8 /* AppDelegate.swift */,
				D2A6605C22761C14006C9A40 /* ItemTabBarController.swift */,
				D2A6605A22761C14006C9A40 /* ItemModel.swift */,
				D283E76D22690F0D007C3FC8 /* ViewController.swift */,
				D2131747226E938700FCF1EA /* PrioritizeViewController.swift */,
				D2131745226E88E300FCF1EA /* DatePopupViewController.swift */,
				D24A5CCA2272896E009C3933 /* extensions */,
				D2131749226EA4A900FCF1EA /* PopupDelegate.swift */,
				D283E76F22690F0D007C3FC8 /* Main.storyboard */,
				D283E77222690F0F007C3FC8 /* Assets.xcassets */,
				D283E77422690F0F007C3FC8 /* LaunchScreen.storyboard */,
				D283E77722690F0F007C3FC8 /* Info.plist */,
			);
			path = ShouldIBuyThat;
			sourceTree = "<group>";
		};
/* End PBXGroup section */

/* Begin PBXNativeTarget section */
		D283E76722690F0D007C3FC8 /* ShouldIBuyThat */ = {
			isa = PBXNativeTarget;
			buildConfigurationList = D283E77A22690F0F007C3FC8 /* Build configuration list for PBXNativeTarget "ShouldIBuyThat" */;
			buildPhases = (
				D283E76422690F0D007C3FC8 /* Sources */,
				D283E76522690F0D007C3FC8 /* Frameworks */,
				D283E76622690F0D007C3FC8 /* Resources */,
			);
			buildRules = (
			);
			dependencies = (
			);
			name = ShouldIBuyThat;
			productName = ShouldIBuyThat;
			productReference = D283E76822690F0D007C3FC8 /* ShouldIBuyThat.app */;
			productType = "com.apple.product-type.application";
		};
/* End PBXNativeTarget section */

/* Begin PBXProject section */
		D283E76022690F0D007C3FC8 /* Project object */ = {
			isa = PBXProject;
			attributes = {
				LastSwiftUpdateCheck = 1010;
				LastUpgradeCheck = 1010;
				ORGANIZATIONNAME = Ariana;
				TargetAttributes = {
					D283E76722690F0D007C3FC8 = {
						CreatedOnToolsVersion = 10.1;
					};
				};
			};
			buildConfigurationList = D283E76322690F0D007C3FC8 /* Build configuration list for PBXProject "ShouldIBuyThat" */;
			compatibilityVersion = "Xcode 9.3";
			developmentRegion = en;
			hasScannedForEncodings = 0;
			knownRegions = (
				en,
				Base,
			);
			mainGroup = D283E75F22690F0D007C3FC8;
			productRefGroup = D283E76922690F0D007C3FC8 /* Products */;
			projectDirPath = "";
			projectRoot = "";
			targets = (
				D283E76722690F0D007C3FC8 /* ShouldIBuyThat */,
			);
		};
/* End PBXProject section */

/* Begin PBXResourcesBuildPhase section */
		D283E76622690F0D007C3FC8 /* Resources */ = {
			isa = PBXResourcesBuildPhase;
			buildActionMask = 2147483647;
			files = (
				D283E77622690F0F007C3FC8 /* LaunchScreen.storyboard in Resources */,
				D283E77322690F0F007C3FC8 /* Assets.xcassets in Resources */,
				D283E77122690F0D007C3FC8 /* Main.storyboard in Resources */,
			);
			runOnlyForDeploymentPostprocessing = 0;
		};
/* End PBXResourcesBuildPhase section */

/* Begin PBXSourcesBuildPhase section */
		D283E76422690F0D007C3FC8 /* Sources */ = {
			isa = PBXSourcesBuildPhase;
			buildActionMask = 2147483647;
			files = (
				D2A6605D22761C14006C9A40 /* ItemTabBarController.swift in Sources */,
				D283E76E22690F0D007C3FC8 /* ViewController.swift in Sources */,
				D2131748226E938700FCF1EA /* PrioritizeViewController.swift in Sources */,
				D2A6605B22761C14006C9A40 /* ItemModel.swift in Sources */,
				D2BCF5912274D4FC00CF65B5 /* UIViewController+setDates.swift in Sources */,
				D283E76C22690F0D007C3FC8 /* AppDelegate.swift in Sources */,
				D24A5CC9227285AB009C3933 /* UIViewController+Validation.swift in Sources */,
				D213174A226EA4A900FCF1EA /* PopupDelegate.swift in Sources */,
				D2131746226E88E300FCF1EA /* DatePopupViewController.swift in Sources */,
			);
			runOnlyForDeploymentPostprocessing = 0;
		};
/* End PBXSourcesBuildPhase section */

/* Begin PBXVariantGroup section */
		D283E76F22690F0D007C3FC8 /* Main.storyboard */ = {
			isa = PBXVariantGroup;
			children = (
				D283E77022690F0D007C3FC8 /* Base */,
			);
			name = Main.storyboard;
			sourceTree = "<group>";
		};
		D283E77422690F0F007C3FC8 /* LaunchScreen.storyboard */ = {
			isa = PBXVariantGroup;
			children = (
				D283E77522690F0F007C3FC8 /* Base */,
			);
			name = LaunchScreen.storyboard;
			sourceTree = "<group>";
		};
/* End PBXVariantGroup section */

/* Begin XCBuildConfiguration section */
		D283E77822690F0F007C3FC8 /* Debug */ = {
			isa = XCBuildConfiguration;
			buildSettings = {
				ALWAYS_SEARCH_USER_PATHS = NO;
				CLANG_ANALYZER_NONNULL = YES;
				CLANG_ANALYZER_NUMBER_OBJECT_CONVERSION = YES_AGGRESSIVE;
				CLANG_CXX_LANGUAGE_STANDARD = "gnu++14";
				CLANG_CXX_LIBRARY = "libc++";
				CLANG_ENABLE_MODULES = YES;
				CLANG_ENABLE_OBJC_ARC = YES;
				CLANG_ENABLE_OBJC_WEAK = YES;
				CLANG_WARN_BLOCK_CAPTURE_AUTORELEASING = YES;
				CLANG_WARN_BOOL_CONVERSION = YES;
				CLANG_WARN_COMMA = YES;
				CLANG_WARN_CONSTANT_CONVERSION = YES;
				CLANG_WARN_DEPRECATED_OBJC_IMPLEMENTATIONS = YES;
				CLANG_WARN_DIRECT_OBJC_ISA_USAGE = YES_ERROR;
				CLANG_WARN_DOCUMENTATION_COMMENTS = YES;
				CLANG_WARN_EMPTY_BODY = YES;
				CLANG_WARN_ENUM_CONVERSION = YES;
				CLANG_WARN_INFINITE_RECURSION = YES;
				CLANG_WARN_INT_CONVERSION = YES;
				CLANG_WARN_NON_LITERAL_NULL_CONVERSION = YES;
				CLANG_WARN_OBJC_IMPLICIT_RETAIN_SELF = YES;
				CLANG_WARN_OBJC_LITERAL_CONVERSION = YES;
				CLANG_WARN_OBJC_ROOT_CLASS = YES_ERROR;
				CLANG_WARN_RANGE_LOOP_ANALYSIS = YES;
				CLANG_WARN_STRICT_PROTOTYPES = YES;
				CLANG_WARN_SUSPICIOUS_MOVE = YES;
				CLANG_WARN_UNGUARDED_AVAILABILITY = YES_AGGRESSIVE;
				CLANG_WARN_UNREACHABLE_CODE = YES;
				CLANG_WARN__DUPLICATE_METHOD_MATCH = YES;
				CODE_SIGN_IDENTITY = "iPhone Developer";
				COPY_PHASE_STRIP = NO;
				DEBUG_INFORMATION_FORMAT = dwarf;
				ENABLE_STRICT_OBJC_MSGSEND = YES;
				ENABLE_TESTABILITY = YES;
				GCC_C_LANGUAGE_STANDARD = gnu11;
				GCC_DYNAMIC_NO_PIC = NO;
				GCC_NO_COMMON_BLOCKS = YES;
				GCC_OPTIMIZATION_LEVEL = 0;
				GCC_PREPROCESSOR_DEFINITIONS = (
					"DEBUG=1",
					"$(inherited)",
				);
				GCC_WARN_64_TO_32_BIT_CONVERSION = YES;
				GCC_WARN_ABOUT_RETURN_TYPE = YES_ERROR;
				GCC_WARN_UNDECLARED_SELECTOR = YES;
				GCC_WARN_UNINITIALIZED_AUTOS = YES_AGGRESSIVE;
				GCC_WARN_UNUSED_FUNCTION = YES;
				GCC_WARN_UNUSED_VARIABLE = YES;
				IPHONEOS_DEPLOYMENT_TARGET = 12.1;
				MTL_ENABLE_DEBUG_INFO = INCLUDE_SOURCE;
				MTL_FAST_MATH = YES;
				ONLY_ACTIVE_ARCH = YES;
				SDKROOT = iphoneos;
				SWIFT_ACTIVE_COMPILATION_CONDITIONS = DEBUG;
				SWIFT_OPTIMIZATION_LEVEL = "-Onone";
			};
			name = Debug;
		};
		D283E77922690F0F007C3FC8 /* Release */ = {
			isa = XCBuildConfiguration;
			buildSettings = {
				ALWAYS_SEARCH_USER_PATHS = NO;
				CLANG_ANALYZER_NONNULL = YES;
				CLANG_ANALYZER_NUMBER_OBJECT_CONVERSION = YES_AGGRESSIVE;
				CLANG_CXX_LANGUAGE_STANDARD = "gnu++14";
				CLANG_CXX_LIBRARY = "libc++";
				CLANG_ENABLE_MODULES = YES;
				CLANG_ENABLE_OBJC_ARC = YES;
				CLANG_ENABLE_OBJC_WEAK = YES;
				CLANG_WARN_BLOCK_CAPTURE_AUTORELEASING = YES;
				CLANG_WARN_BOOL_CONVERSION = YES;
				CLANG_WARN_COMMA = YES;
				CLANG_WARN_CONSTANT_CONVERSION = YES;
				CLANG_WARN_DEPRECATED_OBJC_IMPLEMENTATIONS = YES;
				CLANG_WARN_DIRECT_OBJC_ISA_USAGE = YES_ERROR;
				CLANG_WARN_DOCUMENTATION_COMMENTS = YES;
				CLANG_WARN_EMPTY_BODY = YES;
				CLANG_WARN_ENUM_CONVERSION = YES;
				CLANG_WARN_INFINITE_RECURSION = YES;
				CLANG_WARN_INT_CONVERSION = YES;
				CLANG_WARN_NON_LITERAL_NULL_CONVERSION = YES;
				CLANG_WARN_OBJC_IMPLICIT_RETAIN_SELF = YES;
				CLANG_WARN_OBJC_LITERAL_CONVERSION = YES;
				CLANG_WARN_OBJC_ROOT_CLASS = YES_ERROR;
				CLANG_WARN_RANGE_LOOP_ANALYSIS = YES;
				CLANG_WARN_STRICT_PROTOTYPES = YES;
				CLANG_WARN_SUSPICIOUS_MOVE = YES;
				CLANG_WARN_UNGUARDED_AVAILABILITY = YES_AGGRESSIVE;
				CLANG_WARN_UNREACHABLE_CODE = YES;
				CLANG_WARN__DUPLICATE_METHOD_MATCH = YES;
				CODE_SIGN_IDENTITY = "iPhone Developer";
				COPY_PHASE_STRIP = NO;
				DEBUG_INFORMATION_FORMAT = "dwarf-with-dsym";
				ENABLE_NS_ASSERTIONS = NO;
				ENABLE_STRICT_OBJC_MSGSEND = YES;
				GCC_C_LANGUAGE_STANDARD = gnu11;
				GCC_NO_COMMON_BLOCKS = YES;
				GCC_WARN_64_TO_32_BIT_CONVERSION = YES;
				GCC_WARN_ABOUT_RETURN_TYPE = YES_ERROR;
				GCC_WARN_UNDECLARED_SELECTOR = YES;
				GCC_WARN_UNINITIALIZED_AUTOS = YES_AGGRESSIVE;
				GCC_WARN_UNUSED_FUNCTION = YES;
				GCC_WARN_UNUSED_VARIABLE = YES;
				IPHONEOS_DEPLOYMENT_TARGET = 12.1;
				MTL_ENABLE_DEBUG_INFO = NO;
				MTL_FAST_MATH = YES;
				SDKROOT = iphoneos;
				SWIFT_COMPILATION_MODE = wholemodule;
				SWIFT_OPTIMIZATION_LEVEL = "-O";
				VALIDATE_PRODUCT = YES;
			};
			name = Release;
		};
		D283E77B22690F0F007C3FC8 /* Debug */ = {
			isa = XCBuildConfiguration;
			buildSettings = {
				ASSETCATALOG_COMPILER_APPICON_NAME = AppIcon;
				CODE_SIGN_STYLE = Automatic;
				INFOPLIST_FILE = ShouldIBuyThat/Info.plist;
				LD_RUNPATH_SEARCH_PATHS = (
					"$(inherited)",
					"@executable_path/Frameworks",
				);
				PRODUCT_BUNDLE_IDENTIFIER = com.AFunProject.ShouldIBuyThat;
				PRODUCT_NAME = "$(TARGET_NAME)";
				SWIFT_VERSION = 4.2;
				TARGETED_DEVICE_FAMILY = "1,2";
			};
			name = Debug;
		};
		D283E77C22690F0F007C3FC8 /* Release */ = {
			isa = XCBuildConfiguration;
			buildSettings = {
				ASSETCATALOG_COMPILER_APPICON_NAME = AppIcon;
				CODE_SIGN_STYLE = Automatic;
				INFOPLIST_FILE = ShouldIBuyThat/Info.plist;
				LD_RUNPATH_SEARCH_PATHS = (
					"$(inherited)",
					"@executable_path/Frameworks",
				);
				PRODUCT_BUNDLE_IDENTIFIER = com.AFunProject.ShouldIBuyThat;
				PRODUCT_NAME = "$(TARGET_NAME)";
				SWIFT_VERSION = 4.2;
				TARGETED_DEVICE_FAMILY = "1,2";
			};
			name = Release;
		};
/* End XCBuildConfiguration section */

/* Begin XCConfigurationList section */
		D283E76322690F0D007C3FC8 /* Build configuration list for PBXProject "ShouldIBuyThat" */ = {
			isa = XCConfigurationList;
			buildConfigurations = (
				D283E77822690F0F007C3FC8 /* Debug */,
				D283E77922690F0F007C3FC8 /* Release */,
			);
			defaultConfigurationIsVisible = 0;
			defaultConfigurationName = Release;
		};
		D283E77A22690F0F007C3FC8 /* Build configuration list for PBXNativeTarget "ShouldIBuyThat" */ = {
			isa = XCConfigurationList;
			buildConfigurations = (
				D283E77B22690F0F007C3FC8 /* Debug */,
				D283E77C22690F0F007C3FC8 /* Release */,
			);
			defaultConfigurationIsVisible = 0;
			defaultConfigurationName = Release;
		};
/* End XCConfigurationList section */
	};
	rootObject = D283E76022690F0D007C3FC8 /* Project object */;
}
